
Microsoft Visual Studio Solution File, Format Version 12.00
# Visual Studio 14
VisualStudioVersion = 14.0.25420.1
MinimumVisualStudioVersion = 10.0.40219.1
Project("{FAE04EC0-301F-11D3-BF4B-00C04F79EFBC}") = "Fastenshtein", "Fastenshtein\Fastenshtein.csproj", "{72495701-4313-458F-9A14-095A6A030140}"
EndProject
Project("{FAE04EC0-301F-11D3-BF4B-00C04F79EFBC}") = "Fastenshtein.Tests", "Fastenshtein.Tests\Fastenshtein.Tests.csproj", "{C3B6E22D-3A8B-4997-9267-0075C3C12732}"
EndProject
Project("{FAE04EC0-301F-11D3-BF4B-00C04F79EFBC}") = "SpeedTestApp", "SpeedTestApp\SpeedTestApp.csproj", "{F2B1CFC4-6070-4780-BEEA-7244F9DCC10F}"
EndProject
Project("{FAE04EC0-301F-11D3-BF4B-00C04F79EFBC}") = "FastenshteinPcl", "FastenshteinPcl\FastenshteinPcl.csproj", "{E1E27460-50C6-409E-878A-BE1F5EE0F8F4}"
EndProject
Global
	GlobalSection(SolutionConfigurationPlatforms) = preSolution
		Debug|Any CPU = Debug|Any CPU
		Release|Any CPU = Release|Any CPU
	EndGlobalSection
	GlobalSection(ProjectConfigurationPlatforms) = postSolution
		{72495701-4313-458F-9A14-095A6A030140}.Debug|Any CPU.ActiveCfg = Debug|Any CPU
		{72495701-4313-458F-9A14-095A6A030140}.Debug|Any CPU.Build.0 = Debug|Any CPU
		{72495701-4313-458F-9A14-095A6A030140}.Release|Any CPU.ActiveCfg = Release|Any CPU
		{72495701-4313-458F-9A14-095A6A030140}.Release|Any CPU.Build.0 = Release|Any CPU
		{C3B6E22D-3A8B-4997-9267-0075C3C12732}.Debug|Any CPU.ActiveCfg = Debug|Any CPU
		{C3B6E22D-3A8B-4997-9267-0075C3C12732}.Debug|Any CPU.Build.0 = Debug|Any CPU
		{C3B6E22D-3A8B-4997-9267-0075C3C12732}.Release|Any CPU.ActiveCfg = Release|Any CPU
		{C3B6E22D-3A8B-4997-9267-0075C3C12732}.Release|Any CPU.Build.0 = Release|Any CPU
		{F2B1CFC4-6070-4780-BEEA-7244F9DCC10F}.Debug|Any CPU.ActiveCfg = Debug|Any CPU
		{F2B1CFC4-6070-4780-BEEA-7244F9DCC10F}.Debug|Any CPU.Build.0 = Debug|Any CPU
		{F2B1CFC4-6070-4780-BEEA-7244F9DCC10F}.Release|Any CPU.ActiveCfg = Release|Any CPU
		{F2B1CFC4-6070-4780-BEEA-7244F9DCC10F}.Release|Any CPU.Build.0 = Release|Any CPU
		{E1E27460-50C6-409E-878A-BE1F5EE0F8F4}.Debug|Any CPU.ActiveCfg = Debug|Any CPU
		{E1E27460-50C6-409E-878A-BE1F5EE0F8F4}.Debug|Any CPU.Build.0 = Debug|Any CPU
		{E1E27460-50C6-409E-878A-BE1F5EE0F8F4}.Release|Any CPU.ActiveCfg = Release|Any CPU
		{E1E27460-50C6-409E-878A-BE1F5EE0F8F4}.Release|Any CPU.Build.0 = Release|Any CPU
	EndGlobalSection
	GlobalSection(SolutionProperties) = preSolution
		HideSolutionNode = FALSE
	EndGlobalSection
EndGlobal
