
Microsoft Visual Studio Solution File, Format Version 12.00
# Visual Studio 15
VisualStudioVersion = 15.0.27004.2005
MinimumVisualStudioVersion = 10.0.40219.1
Project("{FAE04EC0-301F-11D3-BF4B-00C04F79EFBC}") = "FastenshteinFramework", "src\FastenshteinFramework\FastenshteinFramework.csproj", "{72495701-4313-458F-9A14-095A6A030140}"
EndProject
Project("{FAE04EC0-301F-11D3-BF4B-00C04F79EFBC}") = "FastenshteinPcl", "src\FastenshteinPcl\FastenshteinPcl.csproj", "{E1E27460-50C6-409E-878A-BE1F5EE0F8F4}"
EndProject
Project("{2150E333-8FDC-42A3-9474-1A3956D46DE8}") = "src", "src", "{BF8EDB96-7FBA-4D96-A4C6-9C4C8AA8DEF4}"
EndProject
Project("{2150E333-8FDC-42A3-9474-1A3956D46DE8}") = "tests", "tests", "{4F67D85A-A3D4-4595-9EDD-428D0FB05BB8}"
EndProject
Project("{9A19103F-16F7-4668-BE54-9A1E7A4F7556}") = "Fastenshtein", "src\Fastenshtein\Fastenshtein.csproj", "{97C0BF94-75C5-40BC-965C-8A841F3BE8EA}"
EndProject
Project("{9A19103F-16F7-4668-BE54-9A1E7A4F7556}") = "Fastenshtein.Benchmarking", "src\Fastenshtein.Benchmarking\Fastenshtein.Benchmarking.csproj", "{7C12DEC0-84A5-46FD-A863-9B1F56A6E5EB}"
EndProject
Project("{9A19103F-16F7-4668-BE54-9A1E7A4F7556}") = "Fastenshtein.Tests", "tests\Fastenshtein.Tests\Fastenshtein.Tests.csproj", "{28369860-088E-4927-9F3A-B5715DA1DD40}"
EndProject
Global
	GlobalSection(SolutionConfigurationPlatforms) = preSolution
		Debug|Any CPU = Debug|Any CPU
		Release|Any CPU = Release|Any CPU
	EndGlobalSection
	GlobalSection(ProjectConfigurationPlatforms) = postSolution
		{72495701-4313-458F-9A14-095A6A030140}.Debug|Any CPU.ActiveCfg = Debug|Any CPU
		{72495701-4313-458F-9A14-095A6A030140}.Debug|Any CPU.Build.0 = Debug|Any CPU
		{72495701-4313-458F-9A14-095A6A030140}.Release|Any CPU.ActiveCfg = Release|Any CPU
		{72495701-4313-458F-9A14-095A6A030140}.Release|Any CPU.Build.0 = Release|Any CPU
		{E1E27460-50C6-409E-878A-BE1F5EE0F8F4}.Debug|Any CPU.ActiveCfg = Debug|Any CPU
		{E1E27460-50C6-409E-878A-BE1F5EE0F8F4}.Debug|Any CPU.Build.0 = Debug|Any CPU
		{E1E27460-50C6-409E-878A-BE1F5EE0F8F4}.Release|Any CPU.ActiveCfg = Release|Any CPU
		{E1E27460-50C6-409E-878A-BE1F5EE0F8F4}.Release|Any CPU.Build.0 = Release|Any CPU
		{97C0BF94-75C5-40BC-965C-8A841F3BE8EA}.Debug|Any CPU.ActiveCfg = Debug|Any CPU
		{97C0BF94-75C5-40BC-965C-8A841F3BE8EA}.Debug|Any CPU.Build.0 = Debug|Any CPU
		{97C0BF94-75C5-40BC-965C-8A841F3BE8EA}.Release|Any CPU.ActiveCfg = Release|Any CPU
		{97C0BF94-75C5-40BC-965C-8A841F3BE8EA}.Release|Any CPU.Build.0 = Release|Any CPU
		{7C12DEC0-84A5-46FD-A863-9B1F56A6E5EB}.Debug|Any CPU.ActiveCfg = Debug|Any CPU
		{7C12DEC0-84A5-46FD-A863-9B1F56A6E5EB}.Debug|Any CPU.Build.0 = Debug|Any CPU
		{7C12DEC0-84A5-46FD-A863-9B1F56A6E5EB}.Release|Any CPU.ActiveCfg = Release|Any CPU
		{7C12DEC0-84A5-46FD-A863-9B1F56A6E5EB}.Release|Any CPU.Build.0 = Release|Any CPU
		{28369860-088E-4927-9F3A-B5715DA1DD40}.Debug|Any CPU.ActiveCfg = Debug|Any CPU
		{28369860-088E-4927-9F3A-B5715DA1DD40}.Debug|Any CPU.Build.0 = Debug|Any CPU
		{28369860-088E-4927-9F3A-B5715DA1DD40}.Release|Any CPU.ActiveCfg = Release|Any CPU
		{28369860-088E-4927-9F3A-B5715DA1DD40}.Release|Any CPU.Build.0 = Release|Any CPU
	EndGlobalSection
	GlobalSection(SolutionProperties) = preSolution
		HideSolutionNode = FALSE
	EndGlobalSection
	GlobalSection(NestedProjects) = preSolution
		{72495701-4313-458F-9A14-095A6A030140} = {BF8EDB96-7FBA-4D96-A4C6-9C4C8AA8DEF4}
		{E1E27460-50C6-409E-878A-BE1F5EE0F8F4} = {BF8EDB96-7FBA-4D96-A4C6-9C4C8AA8DEF4}
		{97C0BF94-75C5-40BC-965C-8A841F3BE8EA} = {BF8EDB96-7FBA-4D96-A4C6-9C4C8AA8DEF4}
		{7C12DEC0-84A5-46FD-A863-9B1F56A6E5EB} = {BF8EDB96-7FBA-4D96-A4C6-9C4C8AA8DEF4}
		{28369860-088E-4927-9F3A-B5715DA1DD40} = {4F67D85A-A3D4-4595-9EDD-428D0FB05BB8}
	EndGlobalSection
	GlobalSection(ExtensibilityGlobals) = postSolution
		SolutionGuid = {0703F632-2C3F-48C7-8116-651F70046E7C}
	EndGlobalSection
EndGlobal
